
Microsoft Visual Studio Solution File, Format Version 12.00
# Visual Studio 15
VisualStudioVersion = 15.0.27130.2010
MinimumVisualStudioVersion = 10.0.40219.1
Project("{FAE04EC0-301F-11D3-BF4B-00C04F79EFBC}") = "HomeAutio.Mqtt.Harmony", "HomeAutio.Mqtt.Harmony\HomeAutio.Mqtt.Harmony.csproj", "{9858FBAE-0D84-41AB-B780-02F5D7B92C99}"
EndProject
Global
	GlobalSection(SolutionConfigurationPlatforms) = preSolution
		Debug|Any CPU = Debug|Any CPU
		Release|Any CPU = Release|Any CPU
	EndGlobalSection
	GlobalSection(ProjectConfigurationPlatforms) = postSolution
		{9858FBAE-0D84-41AB-B780-02F5D7B92C99}.Debug|Any CPU.ActiveCfg = Debug|Any CPU
		{9858FBAE-0D84-41AB-B780-02F5D7B92C99}.Debug|Any CPU.Build.0 = Debug|Any CPU
		{9858FBAE-0D84-41AB-B780-02F5D7B92C99}.Release|Any CPU.ActiveCfg = Release|Any CPU
		{9858FBAE-0D84-41AB-B780-02F5D7B92C99}.Release|Any CPU.Build.0 = Release|Any CPU
	EndGlobalSection
	GlobalSection(SolutionProperties) = preSolution
		HideSolutionNode = FALSE
	EndGlobalSection
	GlobalSection(ExtensibilityGlobals) = postSolution
		SolutionGuid = {AD48C3F1-2286-40C2-A493-D7B9536AD5CB}
	EndGlobalSection
EndGlobal
